
Microsoft Visual Studio Solution File, Format Version 12.00
# Visual Studio Version 17
VisualStudioVersion = 17.1.32421.90
MinimumVisualStudioVersion = 10.0.40219.1
Project("{FAE04EC0-301F-11D3-BF4B-00C04F79EFBC}") = "Binary Search", "Binary Search\Binary Search.csproj", "{A4763EE8-7AFA-47C4-94C0-0C883724351A}"
EndProject
Global
	GlobalSection(SolutionConfigurationPlatforms) = preSolution
		Debug|Any CPU = Debug|Any CPU
		Release|Any CPU = Release|Any CPU
	EndGlobalSection
	GlobalSection(ProjectConfigurationPlatforms) = postSolution
		{A4763EE8-7AFA-47C4-94C0-0C883724351A}.Debug|Any CPU.ActiveCfg = Debug|Any CPU
		{A4763EE8-7AFA-47C4-94C0-0C883724351A}.Debug|Any CPU.Build.0 = Debug|Any CPU
		{A4763EE8-7AFA-47C4-94C0-0C883724351A}.Release|Any CPU.ActiveCfg = Release|Any CPU
		{A4763EE8-7AFA-47C4-94C0-0C883724351A}.Release|Any CPU.Build.0 = Release|Any CPU
	EndGlobalSection
	GlobalSection(SolutionProperties) = preSolution
		HideSolutionNode = FALSE
	EndGlobalSection
	GlobalSection(ExtensibilityGlobals) = postSolution
		SolutionGuid = {77A8864F-5957-4CC2-92ED-DB3D97B2C144}
	EndGlobalSection
EndGlobal
